
Microsoft Visual Studio Solution File, Format Version 12.00
# Visual Studio Version 17
VisualStudioVersion = 17.6.33815.320
MinimumVisualStudioVersion = 10.0.40219.1
Project("{9A19103F-16F7-4668-BE54-9A1E7A4F7556}") = "Wilhelmic System", "Wilhelmic System\Wilhelmic System.csproj", "{39A4BFA9-9AE9-44D3-AC4C-D77AD2028592}"
EndProject
Project("{9A19103F-16F7-4668-BE54-9A1E7A4F7556}") = "Wilhelmic System.Desktop", "Wilhelmic System.Desktop\Wilhelmic System.Desktop.csproj", "{B418DB13-9C16-4471-ADE5-5A30C7EB2754}"
EndProject
Global
	GlobalSection(SolutionConfigurationPlatforms) = preSolution
		Debug|Any CPU = Debug|Any CPU
		Release|Any CPU = Release|Any CPU
	EndGlobalSection
	GlobalSection(ProjectConfigurationPlatforms) = postSolution
		{39A4BFA9-9AE9-44D3-AC4C-D77AD2028592}.Debug|Any CPU.ActiveCfg = Debug|Any CPU
		{39A4BFA9-9AE9-44D3-AC4C-D77AD2028592}.Debug|Any CPU.Build.0 = Debug|Any CPU
		{39A4BFA9-9AE9-44D3-AC4C-D77AD2028592}.Release|Any CPU.ActiveCfg = Release|Any CPU
		{39A4BFA9-9AE9-44D3-AC4C-D77AD2028592}.Release|Any CPU.Build.0 = Release|Any CPU
		{B418DB13-9C16-4471-ADE5-5A30C7EB2754}.Debug|Any CPU.ActiveCfg = Debug|Any CPU
		{B418DB13-9C16-4471-ADE5-5A30C7EB2754}.Debug|Any CPU.Build.0 = Debug|Any CPU
		{B418DB13-9C16-4471-ADE5-5A30C7EB2754}.Release|Any CPU.ActiveCfg = Release|Any CPU
		{B418DB13-9C16-4471-ADE5-5A30C7EB2754}.Release|Any CPU.Build.0 = Release|Any CPU
	EndGlobalSection
	GlobalSection(SolutionProperties) = preSolution
		HideSolutionNode = FALSE
	EndGlobalSection
	GlobalSection(ExtensibilityGlobals) = postSolution
		SolutionGuid = {C5606BF2-B708-4502-912B-9729E819344D}
	EndGlobalSection
EndGlobal
